
Microsoft Visual Studio Solution File, Format Version 12.00
# Visual Studio 14
VisualStudioVersion = 14.0.25123.0
MinimumVisualStudioVersion = 10.0.40219.1
Project("{FAE04EC0-301F-11D3-BF4B-00C04F79EFBC}") = "WiseMan.API", "WiseMan.API\WiseMan.API.csproj", "{D36FD88D-2905-4741-9C6D-719731A3E6BA}"
EndProject
Project("{E24C65DC-7377-472B-9ABA-BC803B73C61A}") = "WiseMan.App", "..\WiseMan.App\", "{136D6267-C4B3-475B-8D4C-E9D91DFB03D6}"
	ProjectSection(WebsiteProperties) = preProject
		TargetFrameworkMoniker = ".NETFramework,Version%3Dv4.5.2"
		Debug.AspNetCompiler.VirtualPath = "/localhost_63247"
		Debug.AspNetCompiler.PhysicalPath = "..\WiseMan.App\"
		Debug.AspNetCompiler.TargetPath = "PrecompiledWeb\localhost_63247\"
		Debug.AspNetCompiler.Updateable = "true"
		Debug.AspNetCompiler.ForceOverwrite = "true"
		Debug.AspNetCompiler.FixedNames = "false"
		Debug.AspNetCompiler.Debug = "True"
		Release.AspNetCompiler.VirtualPath = "/localhost_63247"
		Release.AspNetCompiler.PhysicalPath = "..\WiseMan.App\"
		Release.AspNetCompiler.TargetPath = "PrecompiledWeb\localhost_63247\"
		Release.AspNetCompiler.Updateable = "true"
		Release.AspNetCompiler.ForceOverwrite = "true"
		Release.AspNetCompiler.FixedNames = "false"
		Release.AspNetCompiler.Debug = "False"
		VWDPort = "63247"
		SlnRelativePath = "..\WiseMan.App\"
		DefaultWebSiteLanguage = "Visual C#"
	EndProjectSection
EndProject
Global
	GlobalSection(SolutionConfigurationPlatforms) = preSolution
		Debug|Any CPU = Debug|Any CPU
		Release|Any CPU = Release|Any CPU
	EndGlobalSection
	GlobalSection(ProjectConfigurationPlatforms) = postSolution
		{D36FD88D-2905-4741-9C6D-719731A3E6BA}.Debug|Any CPU.ActiveCfg = Debug|Any CPU
		{D36FD88D-2905-4741-9C6D-719731A3E6BA}.Debug|Any CPU.Build.0 = Debug|Any CPU
		{D36FD88D-2905-4741-9C6D-719731A3E6BA}.Release|Any CPU.ActiveCfg = Release|Any CPU
		{D36FD88D-2905-4741-9C6D-719731A3E6BA}.Release|Any CPU.Build.0 = Release|Any CPU
		{136D6267-C4B3-475B-8D4C-E9D91DFB03D6}.Debug|Any CPU.ActiveCfg = Debug|Any CPU
		{136D6267-C4B3-475B-8D4C-E9D91DFB03D6}.Debug|Any CPU.Build.0 = Debug|Any CPU
		{136D6267-C4B3-475B-8D4C-E9D91DFB03D6}.Release|Any CPU.ActiveCfg = Debug|Any CPU
		{136D6267-C4B3-475B-8D4C-E9D91DFB03D6}.Release|Any CPU.Build.0 = Debug|Any CPU
	EndGlobalSection
	GlobalSection(SolutionProperties) = preSolution
		HideSolutionNode = FALSE
	EndGlobalSection
EndGlobal
